[[package]]
name = "attrs"
version = "21.4.0"
description = "Classes Without Boilerplate"
category = "main"
optional = false
python-versions = ">=2.7, !=3.0.*, !=3.1.*, !=3.2.*, !=3.3.*, !=3.4.*"

[package.extras]
dev = ["coverage[toml] (>=5.0.2)", "hypothesis", "pympler", "pytest (>=4.3.0)", "six", "mypy", "pytest-mypy-plugins", "zope.interface", "furo", "sphinx", "sphinx-notfound-page", "pre-commit", "cloudpickle"]
docs = ["furo", "sphinx", "zope.interface", "sphinx-notfound-page"]
tests = ["coverage[toml] (>=5.0.2)", "hypothesis", "pympler", "pytest (>=4.3.0)", "six", "mypy", "pytest-mypy-plugins", "zope.interface", "cloudpickle"]
tests_no_zope = ["coverage[toml] (>=5.0.2)", "hypothesis", "pympler", "pytest (>=4.3.0)", "six", "mypy", "pytest-mypy-plugins", "cloudpickle"]

[[package]]
name = "more-itertools"
version = "8.12.0"
description = "More routines for operating on iterables, beyond itertools"
category = "main"
optional = false
python-versions = ">=3.5"

[[package]]
name = "packaging"
version = "21.3"
description = "Core utilities for Python packages"
category = "main"
optional = false
python-versions = ">=3.6"

[package.dependencies]
pyparsing = ">=2.0.2,<3.0.5 || >3.0.5"

[[package]]
name = "pluggy"
version = "1.0.0"
description = "plugin and hook calling mechanisms for python"
category = "main"
optional = false
python-versions = ">=3.6"

[package.extras]
dev = ["pre-commit", "tox"]
testing = ["pytest", "pytest-benchmark"]

[[package]]
name = "py"
version = "1.11.0"
description = "library with cross-python path, ini-parsing, io, code, log facilities"
category = "main"
optional = false
python-versions = ">=2.7, !=3.0.*, !=3.1.*, !=3.2.*, !=3.3.*, !=3.4.*"

[[package]]
name = "pyparsing"
version = "3.0.7"
description = "Python parsing module"
category = "main"
optional = false
python-versions = ">=3.6"

[package.extras]
diagrams = ["jinja2", "railroad-diagrams"]

[[package]]
name = "watchdog"
version = "2.1.7"
description = "Filesystem events monitoring"
category = "main"
optional = false
python-versions = ">=3.6"

[package.extras]
watchmedo = ["PyYAML (>=3.10)"]

[[package]]
name = "wcwidth"
version = "0.2.5"
description = "Measures the displayed width of unicode strings in a terminal"
category = "main"
optional = false
python-versions = "*"

[metadata]
lock-version = "1.1"
python-versions = "^3.9"
content-hash = "ef895fb2e6b14cd568066226a9ef99adf0b337a1c61676fb2a72fa51a0d4cac1"

[metadata.files]
attrs = [
    {file = "attrs-21.4.0-py2.py3-none-any.whl", hash = "sha256:2d27e3784d7a565d36ab851fe94887c5eccd6a463168875832a1be79c82828b4"},
    {file = "attrs-21.4.0.tar.gz", hash = "sha256:626ba8234211db98e869df76230a137c4c40a12d72445c45d5f5b716f076e2fd"},
]
more-itertools = [
    {file = "more-itertools-8.12.0.tar.gz", hash = "sha256:7dc6ad46f05f545f900dd59e8dfb4e84a4827b97b3cfecb175ea0c7d247f6064"},
    {file = "more_itertools-8.12.0-py3-none-any.whl", hash = "sha256:43e6dd9942dffd72661a2c4ef383ad7da1e6a3e968a927ad7a6083ab410a688b"},
]
packaging = [
    {file = "packaging-21.3-py3-none-any.whl", hash = "sha256:ef103e05f519cdc783ae24ea4e2e0f508a9c99b2d4969652eed6a2e1ea5bd522"},
    {file = "packaging-21.3.tar.gz", hash = "sha256:dd47c42927d89ab911e606518907cc2d3a1f38bbd026385970643f9c5b8ecfeb"},
]
pluggy = [
    {file = "pluggy-1.0.0-py2.py3-none-any.whl", hash = "sha256:74134bbf457f031a36d68416e1509f34bd5ccc019f0bcc952c7b909d06b37bd3"},
    {file = "pluggy-1.0.0.tar.gz", hash = "sha256:4224373bacce55f955a878bf9cfa763c1e360858e330072059e10bad68531159"},
]
py = [
    {file = "py-1.11.0-py2.py3-none-any.whl", hash = "sha256:607c53218732647dff4acdfcd50cb62615cedf612e72d1724fb1a0cc6405b378"},
    {file = "py-1.11.0.tar.gz", hash = "sha256:51c75c4126074b472f746a24399ad32f6053d1b34b68d2fa41e558e6f4a98719"},
]
pyparsing = [
    {file = "pyparsing-3.0.7-py3-none-any.whl", hash = "sha256:a6c06a88f252e6c322f65faf8f418b16213b51bdfaece0524c1c1bc30c63c484"},
    {file = "pyparsing-3.0.7.tar.gz", hash = "sha256:18ee9022775d270c55187733956460083db60b37d0d0fb357445f3094eed3eea"},
]
watchdog = [
    {file = "watchdog-2.1.7-cp310-cp310-macosx_10_9_universal2.whl", hash = "sha256:177bae28ca723bc00846466016d34f8c1d6a621383b6caca86745918d55c7383"},
    {file = "watchdog-2.1.7-cp310-cp310-macosx_10_9_x86_64.whl", hash = "sha256:1d1cf7dfd747dec519486a98ef16097e6c480934ef115b16f18adb341df747a4"},
    {file = "watchdog-2.1.7-cp310-cp310-macosx_11_0_arm64.whl", hash = "sha256:7f14ce6adea2af1bba495acdde0e510aecaeb13b33f7bd2f6324e551b26688ca"},
    {file = "watchdog-2.1.7-cp36-cp36m-macosx_10_9_x86_64.whl", hash = "sha256:4d0e98ac2e8dd803a56f4e10438b33a2d40390a72750cff4939b4b274e7906fa"},
    {file = "watchdog-2.1.7-cp37-cp37m-macosx_10_9_x86_64.whl", hash = "sha256:81982c7884aac75017a6ecc72f1a4fedbae04181a8665a34afce9539fc1b3fab"},
    {file = "watchdog-2.1.7-cp38-cp38-macosx_10_9_universal2.whl", hash = "sha256:0b4a1fe6201c6e5a1926f5767b8664b45f0fcb429b62564a41f490ff1ce1dc7a"},
    {file = "watchdog-2.1.7-cp38-cp38-macosx_10_9_x86_64.whl", hash = "sha256:6e6ae29b72977f2e1ee3d0b760d7ee47896cb53e831cbeede3e64485e5633cc8"},
    {file = "watchdog-2.1.7-cp38-cp38-macosx_11_0_arm64.whl", hash = "sha256:b9777664848160449e5b4260e0b7bc1ae0f6f4992a8b285db4ec1ef119ffa0e2"},
    {file = "watchdog-2.1.7-cp39-cp39-macosx_10_9_universal2.whl", hash = "sha256:19b36d436578eb437e029c6b838e732ed08054956366f6dd11875434a62d2b99"},
    {file = "watchdog-2.1.7-cp39-cp39-macosx_10_9_x86_64.whl", hash = "sha256:b61acffaf5cd5d664af555c0850f9747cc5f2baf71e54bbac164c58398d6ca7b"},
    {file = "watchdog-2.1.7-cp39-cp39-macosx_11_0_arm64.whl", hash = "sha256:1e877c70245424b06c41ac258023ea4bd0c8e4ff15d7c1368f17cd0ae6e351dd"},
    {file = "watchdog-2.1.7-pp37-pypy37_pp73-macosx_10_9_x86_64.whl", hash = "sha256:d802d65262a560278cf1a65ef7cae4e2bc7ecfe19e5451349e4c67e23c9dc420"},
    {file = "watchdog-2.1.7-pp38-pypy38_pp73-macosx_10_9_x86_64.whl", hash = "sha256:b3750ee5399e6e9c69eae8b125092b871ee9e2fcbd657a92747aea28f9056a5c"},
    {file = "watchdog-2.1.7-py3-none-manylinux2014_aarch64.whl", hash = "sha256:ed6d9aad09a2a948572224663ab00f8975fae242aa540509737bb4507133fa2d"},
    {file = "watchdog-2.1.7-py3-none-manylinux2014_armv7l.whl", hash = "sha256:b26e13e8008dcaea6a909e91d39b629a39635d1a8a7239dd35327c74f4388601"},
    {file = "watchdog-2.1.7-py3-none-manylinux2014_i686.whl", hash = "sha256:0908bb50f6f7de54d5d31ec3da1654cb7287c6b87bce371954561e6de379d690"},
    {file = "watchdog-2.1.7-py3-none-manylinux2014_ppc64.whl", hash = "sha256:bdcbf75580bf4b960fb659bbccd00123d83119619195f42d721e002c1621602f"},
    {file = "watchdog-2.1.7-py3-none-manylinux2014_ppc64le.whl", hash = "sha256:81a5861d0158a7e55fe149335fb2bbfa6f48cbcbd149b52dbe2cd9a544034bbd"},
    {file = "watchdog-2.1.7-py3-none-manylinux2014_s390x.whl", hash = "sha256:03b43d583df0f18782a0431b6e9e9965c5b3f7cf8ec36a00b930def67942c385"},
    {file = "watchdog-2.1.7-py3-none-manylinux2014_x86_64.whl", hash = "sha256:ae934e34c11aa8296c18f70bf66ed60e9870fcdb4cc19129a04ca83ab23e7055"},
    {file = "watchdog-2.1.7-py3-none-win32.whl", hash = "sha256:49639865e3db4be032a96695c98ac09eed39bbb43fe876bb217da8f8101689a6"},
    {file = "watchdog-2.1.7-py3-none-win_amd64.whl", hash = "sha256:340b875aecf4b0e6672076a6f05cfce6686935559bb6d34cebedee04126a9566"},
    {file = "watchdog-2.1.7-py3-none-win_ia64.whl", hash = "sha256:351e09b6d9374d5bcb947e6ac47a608ec25b9d70583e9db00b2fcdb97b00b572"},
    {file = "watchdog-2.1.7.tar.gz", hash = "sha256:3fd47815353be9c44eebc94cc28fe26b2b0c5bd889dafc4a5a7cbdf924143480"},
]
wcwidth = [
    {file = "wcwidth-0.2.5-py2.py3-none-any.whl", hash = "sha256:beb4802a9cebb9144e99086eff703a642a13d6a0052920003a230f3294bbe784"},
    {file = "wcwidth-0.2.5.tar.gz", hash = "sha256:c4d647b99872929fdb7bdcaa4fbe7f01413ed3d98077df798530e5b04f116c83"},
]
